// !$*UTF8*$!
{
	archiveVersion = 1;
	classes = {
	};
	objectVersion = 46;
	objects = {

/* Begin PBXBuildFile section */
		F138C43E1D8645E800A1B823 /* www in Resources */ = {isa = PBXBuildFile; fileRef = F138C43D1D8645E800A1B823 /* www */; };
		F15CADB11D7D25FB00E804DF /* main.m in Sources */ = {isa = PBXBuildFile; fileRef = F15CADB01D7D25FB00E804DF /* main.m */; };
		F15CADB41D7D25FB00E804DF /* AppDelegate.m in Sources */ = {isa = PBXBuildFile; fileRef = F15CADB31D7D25FB00E804DF /* AppDelegate.m */; };
		F15CADB71D7D25FB00E804DF /* ViewController.m in Sources */ = {isa = PBXBuildFile; fileRef = F15CADB61D7D25FB00E804DF /* ViewController.m */; };
		F15CADBA1D7D25FB00E804DF /* Main.storyboard in Resources */ = {isa = PBXBuildFile; fileRef = F15CADB81D7D25FB00E804DF /* Main.storyboard */; };
		F15CADBC1D7D25FB00E804DF /* Assets.xcassets in Resources */ = {isa = PBXBuildFile; fileRef = F15CADBB1D7D25FB00E804DF /* Assets.xcassets */; };
		F15CADBF1D7D25FB00E804DF /* LaunchScreen.storyboard in Resources */ = {isa = PBXBuildFile; fileRef = F15CADBD1D7D25FB00E804DF /* LaunchScreen.storyboard */; };
		F15CADCA1D7D25FB00E804DF /* xiuyixiuTests.m in Sources */ = {isa = PBXBuildFile; fileRef = F15CADC91D7D25FB00E804DF /* xiuyixiuTests.m */; };
		F15CADD51D7D25FB00E804DF /* xiuyixiuUITests.m in Sources */ = {isa = PBXBuildFile; fileRef = F15CADD41D7D25FB00E804DF /* xiuyixiuUITests.m */; };
/* End PBXBuildFile section */

/* Begin PBXContainerItemProxy section */
		F15CADC61D7D25FB00E804DF /* PBXContainerItemProxy */ = {
			isa = PBXContainerItemProxy;
			containerPortal = F15CADA41D7D25FB00E804DF /* Project object */;
			proxyType = 1;
			remoteGlobalIDString = F15CADAB1D7D25FB00E804DF;
			remoteInfo = xiuyixiu;
		};
		F15CADD11D7D25FB00E804DF /* PBXContainerItemProxy */ = {
			isa = PBXContainerItemProxy;
			containerPortal = F15CADA41D7D25FB00E804DF /* Project object */;
			proxyType = 1;
			remoteGlobalIDString = F15CADAB1D7D25FB00E804DF;
			remoteInfo = xiuyixiu;
		};
/* End PBXContainerItemProxy section */

/* Begin PBXFileReference section */
		F138C43D1D8645E800A1B823 /* www */ = {isa = PBXFileReference; lastKnownFileType = folder; path = www; sourceTree = "<group>"; };
		F15CADAC1D7D25FB00E804DF /* xiuyixiu.app */ = {isa = PBXFileReference; explicitFileType = wrapper.application; includeInIndex = 0; path = xiuyixiu.app; sourceTree = BUILT_PRODUCTS_DIR; };
		F15CADB01D7D25FB00E804DF /* main.m */ = {isa = PBXFileReference; lastKnownFileType = sourcecode.c.objc; path = main.m; sourceTree = "<group>"; };
		F15CADB21D7D25FB00E804DF /* AppDelegate.h */ = {isa = PBXFileReference; lastKnownFileType = sourcecode.c.h; path = AppDelegate.h; sourceTree = "<group>"; };
		F15CADB31D7D25FB00E804DF /* AppDelegate.m */ = {isa = PBXFileReference; lastKnownFileType = sourcecode.c.objc; path = AppDelegate.m; sourceTree = "<group>"; };
		F15CADB51D7D25FB00E804DF /* ViewController.h */ = {isa = PBXFileReference; lastKnownFileType = sourcecode.c.h; path = ViewController.h; sourceTree = "<group>"; };
		F15CADB61D7D25FB00E804DF /* ViewController.m */ = {isa = PBXFileReference; lastKnownFileType = sourcecode.c.objc; path = ViewController.m; sourceTree = "<group>"; };
		F15CADB91D7D25FB00E804DF /* Base */ = {isa = PBXFileReference; lastKnownFileType = file.storyboard; name = Base; path = Base.lproj/Main.storyboard; sourceTree = "<group>"; };
		F15CADBB1D7D25FB00E804DF /* Assets.xcassets */ = {isa = PBXFileReference; lastKnownFileType = folder.assetcatalog; path = Assets.xcassets; sourceTree = "<group>"; };
		F15CADBE1D7D25FB00E804DF /* Base */ = {isa = PBXFileReference; lastKnownFileType = file.storyboard; name = Base; path = Base.lproj/LaunchScreen.storyboard; sourceTree = "<group>"; };
		F15CADC01D7D25FB00E804DF /* Info.plist */ = {isa = PBXFileReference; lastKnownFileType = text.plist.xml; path = Info.plist; sourceTree = "<group>"; };
		F15CADC51D7D25FB00E804DF /* xiuyixiuTests.xctest */ = {isa = PBXFileReference; explicitFileType = wrapper.cfbundle; includeInIndex = 0; path = xiuyixiuTests.xctest; sourceTree = BUILT_PRODUCTS_DIR; };
		F15CADC91D7D25FB00E804DF /* xiuyixiuTests.m */ = {isa = PBXFileReference; lastKnownFileType = sourcecode.c.objc; path = xiuyixiuTests.m; sourceTree = "<group>"; };
		F15CADCB1D7D25FB00E804DF /* Info.plist */ = {isa = PBXFileReference; lastKnownFileType = text.plist.xml; path = Info.plist; sourceTree = "<group>"; };
		F15CADD01D7D25FB00E804DF /* xiuyixiuUITests.xctest */ = {isa = PBXFileReference; explicitFileType = wrapper.cfbundle; includeInIndex = 0; path = xiuyixiuUITests.xctest; sourceTree = BUILT_PRODUCTS_DIR; };
		F15CADD41D7D25FB00E804DF /* xiuyixiuUITests.m */ = {isa = PBXFileReference; lastKnownFileType = sourcecode.c.objc; path = xiuyixiuUITests.m; sourceTree = "<group>"; };
		F15CADD61D7D25FC00E804DF /* Info.plist */ = {isa = PBXFileReference; lastKnownFileType = text.plist.xml; path = Info.plist; sourceTree = "<group>"; };
/* End PBXFileReference section */

/* Begin PBXFrameworksBuildPhase section */
		F15CADA91D7D25FB00E804DF /* Frameworks */ = {
			isa = PBXFrameworksBuildPhase;
			buildActionMask = 2147483647;
			files = (
			);
			runOnlyForDeploymentPostprocessing = 0;
		};
		F15CADC21D7D25FB00E804DF /* Frameworks */ = {
			isa = PBXFrameworksBuildPhase;
			buildActionMask = 2147483647;
			files = (
			);
			runOnlyForDeploymentPostprocessing = 0;
		};
		F15CADCD1D7D25FB00E804DF /* Frameworks */ = {
			isa = PBXFrameworksBuildPhase;
			buildActionMask = 2147483647;
			files = (
			);
			runOnlyForDeploymentPostprocessing = 0;
		};
/* End PBXFrameworksBuildPhase section */

/* Begin PBXGroup section */
		F15CADA31D7D25FB00E804DF = {
			isa = PBXGroup;
			children = (
				F15CADAE1D7D25FB00E804DF /* xiuyixiu */,
				F15CADC81D7D25FB00E804DF /* xiuyixiuTests */,
				F15CADD31D7D25FB00E804DF /* xiuyixiuUITests */,
				F15CADAD1D7D25FB00E804DF /* Products */,
			);
			sourceTree = "<group>";
		};
		F15CADAD1D7D25FB00E804DF /* Products */ = {
			isa = PBXGroup;
			children = (
				F15CADAC1D7D25FB00E804DF /* xiuyixiu.app */,
				F15CADC51D7D25FB00E804DF /* xiuyixiuTests.xctest */,
				F15CADD01D7D25FB00E804DF /* xiuyixiuUITests.xctest */,
			);
			name = Products;
			sourceTree = "<group>";
		};
		F15CADAE1D7D25FB00E804DF /* xiuyixiu */ = {
			isa = PBXGroup;
			children = (
				F15CADB21D7D25FB00E804DF /* AppDelegate.h */,
				F15CADB31D7D25FB00E804DF /* AppDelegate.m */,
				F15CADB51D7D25FB00E804DF /* ViewController.h */,
				F15CADB61D7D25FB00E804DF /* ViewController.m */,
				F138C43D1D8645E800A1B823 /* www */,
				F15CADB81D7D25FB00E804DF /* Main.storyboard */,
				F15CADBB1D7D25FB00E804DF /* Assets.xcassets */,
				F15CADBD1D7D25FB00E804DF /* LaunchScreen.storyboard */,
				F15CADC01D7D25FB00E804DF /* Info.plist */,
				F15CADAF1D7D25FB00E804DF /* Supporting Files */,
			);
			path = xiuyixiu;
			sourceTree = "<group>";
		};
		F15CADAF1D7D25FB00E804DF /* Supporting Files */ = {
			isa = PBXGroup;
			children = (
				F15CADB01D7D25FB00E804DF /* main.m */,
			);
			name = "Supporting Files";
			sourceTree = "<group>";
		};
		F15CADC81D7D25FB00E804DF /* xiuyixiuTests */ = {
			isa = PBXGroup;
			children = (
				F15CADC91D7D25FB00E804DF /* xiuyixiuTests.m */,
				F15CADCB1D7D25FB00E804DF /* Info.plist */,
			);
			path = xiuyixiuTests;
			sourceTree = "<group>";
		};
		F15CADD31D7D25FB00E804DF /* xiuyixiuUITests */ = {
			isa = PBXGroup;
			children = (
				F15CADD41D7D25FB00E804DF /* xiuyixiuUITests.m */,
				F15CADD61D7D25FC00E804DF /* Info.plist */,
			);
			path = xiuyixiuUITests;
			sourceTree = "<group>";
		};
/* End PBXGroup section */

/* Begin PBXNativeTarget section */
		F15CADAB1D7D25FB00E804DF /* xiuyixiu */ = {
			isa = PBXNativeTarget;
			buildConfigurationList = F15CADD91D7D25FC00E804DF /* Build configuration list for PBXNativeTarget "xiuyixiu" */;
			buildPhases = (
				F15CADA81D7D25FB00E804DF /* Sources */,
				F15CADA91D7D25FB00E804DF /* Frameworks */,
				F15CADAA1D7D25FB00E804DF /* Resources */,
			);
			buildRules = (
			);
			dependencies = (
			);
			name = xiuyixiu;
			productName = xiuyixiu;
			productReference = F15CADAC1D7D25FB00E804DF /* xiuyixiu.app */;
			productType = "com.apple.product-type.application";
		};
		F15CADC41D7D25FB00E804DF /* xiuyixiuTests */ = {
			isa = PBXNativeTarget;
			buildConfigurationList = F15CADDC1D7D25FC00E804DF /* Build configuration list for PBXNativeTarget "xiuyixiuTests" */;
			buildPhases = (
				F15CADC11D7D25FB00E804DF /* Sources */,
				F15CADC21D7D25FB00E804DF /* Frameworks */,
				F15CADC31D7D25FB00E804DF /* Resources */,
			);
			buildRules = (
			);
			dependencies = (
				F15CADC71D7D25FB00E804DF /* PBXTargetDependency */,
			);
			name = xiuyixiuTests;
			productName = xiuyixiuTests;
			productReference = F15CADC51D7D25FB00E804DF /* xiuyixiuTests.xctest */;
			productType = "com.apple.product-type.bundle.unit-test";
		};
		F15CADCF1D7D25FB00E804DF /* xiuyixiuUITests */ = {
			isa = PBXNativeTarget;
			buildConfigurationList = F15CADDF1D7D25FC00E804DF /* Build configuration list for PBXNativeTarget "xiuyixiuUITests" */;
			buildPhases = (
				F15CADCC1D7D25FB00E804DF /* Sources */,
				F15CADCD1D7D25FB00E804DF /* Frameworks */,
				F15CADCE1D7D25FB00E804DF /* Resources */,
			);
			buildRules = (
			);
			dependencies = (
				F15CADD21D7D25FB00E804DF /* PBXTargetDependency */,
			);
			name = xiuyixiuUITests;
			productName = xiuyixiuUITests;
			productReference = F15CADD01D7D25FB00E804DF /* xiuyixiuUITests.xctest */;
			productType = "com.apple.product-type.bundle.ui-testing";
		};
/* End PBXNativeTarget section */

/* Begin PBXProject section */
		F15CADA41D7D25FB00E804DF /* Project object */ = {
			isa = PBXProject;
			attributes = {
				LastUpgradeCheck = 0730;
				ORGANIZATIONNAME = parkinwu;
				TargetAttributes = {
					F15CADAB1D7D25FB00E804DF = {
						CreatedOnToolsVersion = 7.3;
					};
					F15CADC41D7D25FB00E804DF = {
						CreatedOnToolsVersion = 7.3;
						TestTargetID = F15CADAB1D7D25FB00E804DF;
					};
					F15CADCF1D7D25FB00E804DF = {
						CreatedOnToolsVersion = 7.3;
						TestTargetID = F15CADAB1D7D25FB00E804DF;
					};
				};
			};
			buildConfigurationList = F15CADA71D7D25FB00E804DF /* Build configuration list for PBXProject "xiuyixiu" */;
			compatibilityVersion = "Xcode 3.2";
			developmentRegion = English;
			hasScannedForEncodings = 0;
			knownRegions = (
				en,
				Base,
			);
			mainGroup = F15CADA31D7D25FB00E804DF;
			productRefGroup = F15CADAD1D7D25FB00E804DF /* Products */;
			projectDirPath = "";
			projectRoot = "";
			targets = (
				F15CADAB1D7D25FB00E804DF /* xiuyixiu */,
				F15CADC41D7D25FB00E804DF /* xiuyixiuTests */,
				F15CADCF1D7D25FB00E804DF /* xiuyixiuUITests */,
			);
		};
/* End PBXProject section */

/* Begin PBXResourcesBuildPhase section */
		F15CADAA1D7D25FB00E804DF /* Resources */ = {
			isa = PBXResourcesBuildPhase;
			buildActionMask = 2147483647;
			files = (
				F138C43E1D8645E800A1B823 /* www in Resources */,
				F15CADBF1D7D25FB00E804DF /* LaunchScreen.storyboard in Resources */,
				F15CADBC1D7D25FB00E804DF /* Assets.xcassets in Resources */,
				F15CADBA1D7D25FB00E804DF /* Main.storyboard in Resources */,
			);
			runOnlyForDeploymentPostprocessing = 0;
		};
		F15CADC31D7D25FB00E804DF /* Resources */ = {
			isa = PBXResourcesBuildPhase;
			buildActionMask = 2147483647;
			files = (
			);
			runOnlyForDeploymentPostprocessing = 0;
		};
		F15CADCE1D7D25FB00E804DF /* Resources */ = {
			isa = PBXResourcesBuildPhase;
			buildActionMask = 2147483647;
			files = (
			);
			runOnlyForDeploymentPostprocessing = 0;
		};
/* End PBXResourcesBuildPhase section */

/* Begin PBXSourcesBuildPhase section */
		F15CADA81D7D25FB00E804DF /* Sources */ = {
			isa = PBXSourcesBuildPhase;
			buildActionMask = 2147483647;
			files = (
				F15CADB71D7D25FB00E804DF /* ViewController.m in Sources */,
				F15CADB41D7D25FB00E804DF /* AppDelegate.m in Sources */,
				F15CADB11D7D25FB00E804DF /* main.m in Sources */,
			);
			runOnlyForDeploymentPostprocessing = 0;
		};
		F15CADC11D7D25FB00E804DF /* Sources */ = {
			isa = PBXSourcesBuildPhase;
			buildActionMask = 2147483647;
			files = (
				F15CADCA1D7D25FB00E804DF /* xiuyixiuTests.m in Sources */,
			);
			runOnlyForDeploymentPostprocessing = 0;
		};
		F15CADCC1D7D25FB00E804DF /* Sources */ = {
			isa = PBXSourcesBuildPhase;
			buildActionMask = 2147483647;
			files = (
				F15CADD51D7D25FB00E804DF /* xiuyixiuUITests.m in Sources */,
			);
			runOnlyForDeploymentPostprocessing = 0;
		};
/* End PBXSourcesBuildPhase section */

/* Begin PBXTargetDependency section */
		F15CADC71D7D25FB00E804DF /* PBXTargetDependency */ = {
			isa = PBXTargetDependency;
			target = F15CADAB1D7D25FB00E804DF /* xiuyixiu */;
			targetProxy = F15CADC61D7D25FB00E804DF /* PBXContainerItemProxy */;
		};
		F15CADD21D7D25FB00E804DF /* PBXTargetDependency */ = {
			isa = PBXTargetDependency;
			target = F15CADAB1D7D25FB00E804DF /* xiuyixiu */;
			targetProxy = F15CADD11D7D25FB00E804DF /* PBXContainerItemProxy */;
		};
/* End PBXTargetDependency section */

/* Begin PBXVariantGroup section */
		F15CADB81D7D25FB00E804DF /* Main.storyboard */ = {
			isa = PBXVariantGroup;
			children = (
				F15CADB91D7D25FB00E804DF /* Base */,
			);
			name = Main.storyboard;
			sourceTree = "<group>";
		};
		F15CADBD1D7D25FB00E804DF /* LaunchScreen.storyboard */ = {
			isa = PBXVariantGroup;
			children = (
				F15CADBE1D7D25FB00E804DF /* Base */,
			);
			name = LaunchScreen.storyboard;
			sourceTree = "<group>";
		};
/* End PBXVariantGroup section */

/* Begin XCBuildConfiguration section */
		F15CADD71D7D25FC00E804DF /* Debug */ = {
			isa = XCBuildConfiguration;
			buildSettings = {
				ALWAYS_SEARCH_USER_PATHS = NO;
				CLANG_ANALYZER_NONNULL = YES;
				CLANG_CXX_LANGUAGE_STANDARD = "gnu++0x";
				CLANG_CXX_LIBRARY = "libc++";
				CLANG_ENABLE_MODULES = YES;
				CLANG_ENABLE_OBJC_ARC = YES;
				CLANG_WARN_BOOL_CONVERSION = YES;
				CLANG_WARN_CONSTANT_CONVERSION = YES;
				CLANG_WARN_DIRECT_OBJC_ISA_USAGE = YES_ERROR;
				CLANG_WARN_EMPTY_BODY = YES;
				CLANG_WARN_ENUM_CONVERSION = YES;
				CLANG_WARN_INT_CONVERSION = YES;
				CLANG_WARN_OBJC_ROOT_CLASS = YES_ERROR;
				CLANG_WARN_UNREACHABLE_CODE = YES;
				CLANG_WARN__DUPLICATE_METHOD_MATCH = YES;
				"CODE_SIGN_IDENTITY[sdk=iphoneos*]" = "iPhone Developer";
				COPY_PHASE_STRIP = NO;
				DEBUG_INFORMATION_FORMAT = dwarf;
				ENABLE_STRICT_OBJC_MSGSEND = YES;
				ENABLE_TESTABILITY = YES;
				GCC_C_LANGUAGE_STANDARD = gnu99;
				GCC_DYNAMIC_NO_PIC = NO;
				GCC_NO_COMMON_BLOCKS = YES;
				GCC_OPTIMIZATION_LEVEL = 0;
				GCC_PREPROCESSOR_DEFINITIONS = (
					"DEBUG=1",
					"$(inherited)",
				);
				GCC_WARN_64_TO_32_BIT_CONVERSION = YES;
				GCC_WARN_ABOUT_RETURN_TYPE = YES_ERROR;
				GCC_WARN_UNDECLARED_SELECTOR = YES;
				GCC_WARN_UNINITIALIZED_AUTOS = YES_AGGRESSIVE;
				GCC_WARN_UNUSED_FUNCTION = YES;
				GCC_WARN_UNUSED_VARIABLE = YES;
				IPHONEOS_DEPLOYMENT_TARGET = 9.3;
				MTL_ENABLE_DEBUG_INFO = YES;
				ONLY_ACTIVE_ARCH = YES;
				SDKROOT = iphoneos;
				TARGETED_DEVICE_FAMILY = "1,2";
			};
			name = Debug;
		};
		F15CADD81D7D25FC00E804DF /* Release */ = {
			isa = XCBuildConfiguration;
			buildSettings = {
				ALWAYS_SEARCH_USER_PATHS = NO;
				CLANG_ANALYZER_NONNULL = YES;
				CLANG_CXX_LANGUAGE_STANDARD = "gnu++0x";
				CLANG_CXX_LIBRARY = "libc++";
				CLANG_ENABLE_MODULES = YES;
				CLANG_ENABLE_OBJC_ARC = YES;
				CLANG_WARN_BOOL_CONVERSION = YES;
				CLANG_WARN_CONSTANT_CONVERSION = YES;
				CLANG_WARN_DIRECT_OBJC_ISA_USAGE = YES_ERROR;
				CLANG_WARN_EMPTY_BODY = YES;
				CLANG_WARN_ENUM_CONVERSION = YES;
				CLANG_WARN_INT_CONVERSION = YES;
				CLANG_WARN_OBJC_ROOT_CLASS = YES_ERROR;
				CLANG_WARN_UNREACHABLE_CODE = YES;
				CLANG_WARN__DUPLICATE_METHOD_MATCH = YES;
				"CODE_SIGN_IDENTITY[sdk=iphoneos*]" = "iPhone Developer";
				COPY_PHASE_STRIP = NO;
				DEBUG_INFORMATION_FORMAT = "dwarf-with-dsym";
				ENABLE_NS_ASSERTIONS = NO;
				ENABLE_STRICT_OBJC_MSGSEND = YES;
				GCC_C_LANGUAGE_STANDARD = gnu99;
				GCC_NO_COMMON_BLOCKS = YES;
				GCC_WARN_64_TO_32_BIT_CONVERSION = YES;
				GCC_WARN_ABOUT_RETURN_TYPE = YES_ERROR;
				GCC_WARN_UNDECLARED_SELECTOR = YES;
				GCC_WARN_UNINITIALIZED_AUTOS = YES_AGGRESSIVE;
				GCC_WARN_UNUSED_FUNCTION = YES;
				GCC_WARN_UNUSED_VARIABLE = YES;
				IPHONEOS_DEPLOYMENT_TARGET = 9.3;
				MTL_ENABLE_DEBUG_INFO = NO;
				SDKROOT = iphoneos;
				TARGETED_DEVICE_FAMILY = "1,2";
				VALIDATE_PRODUCT = YES;
			};
			name = Release;
		};
		F15CADDA1D7D25FC00E804DF /* Debug */ = {
			isa = XCBuildConfiguration;
			buildSettings = {
				ASSETCATALOG_COMPILER_APPICON_NAME = AppIcon;
				INFOPLIST_FILE = xiuyixiu/Info.plist;
				LD_RUNPATH_SEARCH_PATHS = "$(inherited) @executable_path/Frameworks";
				PRODUCT_BUNDLE_IDENTIFIER = com.ctrip.test.xiuyixiu;
				PRODUCT_NAME = "$(TARGET_NAME)";
			};
			name = Debug;
		};
		F15CADDB1D7D25FC00E804DF /* Release */ = {
			isa = XCBuildConfiguration;
			buildSettings = {
				ASSETCATALOG_COMPILER_APPICON_NAME = AppIcon;
				INFOPLIST_FILE = xiuyixiu/Info.plist;
				LD_RUNPATH_SEARCH_PATHS = "$(inherited) @executable_path/Frameworks";
				PRODUCT_BUNDLE_IDENTIFIER = com.ctrip.test.xiuyixiu;
				PRODUCT_NAME = "$(TARGET_NAME)";
			};
			name = Release;
		};
		F15CADDD1D7D25FC00E804DF /* Debug */ = {
			isa = XCBuildConfiguration;
			buildSettings = {
				BUNDLE_LOADER = "$(TEST_HOST)";
				INFOPLIST_FILE = xiuyixiuTests/Info.plist;
				LD_RUNPATH_SEARCH_PATHS = "$(inherited) @executable_path/Frameworks @loader_path/Frameworks";
				PRODUCT_BUNDLE_IDENTIFIER = com.ctrip.test.xiuyixiuTests;
				PRODUCT_NAME = "$(TARGET_NAME)";
				TEST_HOST = "$(BUILT_PRODUCTS_DIR)/xiuyixiu.app/xiuyixiu";
			};
			name = Debug;
		};
		F15CADDE1D7D25FC00E804DF /* Release */ = {
			isa = XCBuildConfiguration;
			buildSettings = {
				BUNDLE_LOADER = "$(TEST_HOST)";
				INFOPLIST_FILE = xiuyixiuTests/Info.plist;
				LD_RUNPATH_SEARCH_PATHS = "$(inherited) @executable_path/Frameworks @loader_path/Frameworks";
				PRODUCT_BUNDLE_IDENTIFIER = com.ctrip.test.xiuyixiuTests;
				PRODUCT_NAME = "$(TARGET_NAME)";
				TEST_HOST = "$(BUILT_PRODUCTS_DIR)/xiuyixiu.app/xiuyixiu";
			};
			name = Release;
		};
		F15CADE01D7D25FC00E804DF /* Debug */ = {
			isa = XCBuildConfiguration;
			buildSettings = {
				INFOPLIST_FILE = xiuyixiuUITests/Info.plist;
				LD_RUNPATH_SEARCH_PATHS = "$(inherited) @executable_path/Frameworks @loader_path/Frameworks";
				PRODUCT_BUNDLE_IDENTIFIER = com.ctrip.test.xiuyixiuUITests;
				PRODUCT_NAME = "$(TARGET_NAME)";
				TEST_TARGET_NAME = xiuyixiu;
			};
			name = Debug;
		};
		F15CADE11D7D25FC00E804DF /* Release */ = {
			isa = XCBuildConfiguration;
			buildSettings = {
				INFOPLIST_FILE = xiuyixiuUITests/Info.plist;
				LD_RUNPATH_SEARCH_PATHS = "$(inherited) @executable_path/Frameworks @loader_path/Frameworks";
				PRODUCT_BUNDLE_IDENTIFIER = com.ctrip.test.xiuyixiuUITests;
				PRODUCT_NAME = "$(TARGET_NAME)";
				TEST_TARGET_NAME = xiuyixiu;
			};
			name = Release;
		};
/* End XCBuildConfiguration section */

/* Begin XCConfigurationList section */
		F15CADA71D7D25FB00E804DF /* Build configuration list for PBXProject "xiuyixiu" */ = {
			isa = XCConfigurationList;
			buildConfigurations = (
				F15CADD71D7D25FC00E804DF /* Debug */,
				F15CADD81D7D25FC00E804DF /* Release */,
			);
			defaultConfigurationIsVisible = 0;
			defaultConfigurationName = Release;
		};
		F15CADD91D7D25FC00E804DF /* Build configuration list for PBXNativeTarget "xiuyixiu" */ = {
			isa = XCConfigurationList;
			buildConfigurations = (
				F15CADDA1D7D25FC00E804DF /* Debug */,
				F15CADDB1D7D25FC00E804DF /* Release */,
			);
			defaultConfigurationIsVisible = 0;
			defaultConfigurationName = Release;
		};
		F15CADDC1D7D25FC00E804DF /* Build configuration list for PBXNativeTarget "xiuyixiuTests" */ = {
			isa = XCConfigurationList;
			buildConfigurations = (
				F15CADDD1D7D25FC00E804DF /* Debug */,
				F15CADDE1D7D25FC00E804DF /* Release */,
			);
			defaultConfigurationIsVisible = 0;
			defaultConfigurationName = Release;
		};
		F15CADDF1D7D25FC00E804DF /* Build configuration list for PBXNativeTarget "xiuyixiuUITests" */ = {
			isa = XCConfigurationList;
			buildConfigurations = (
				F15CADE01D7D25FC00E804DF /* Debug */,
				F15CADE11D7D25FC00E804DF /* Release */,
			);
			defaultConfigurationIsVisible = 0;
			defaultConfigurationName = Release;
		};
/* End XCConfigurationList section */
	};
	rootObject = F15CADA41D7D25FB00E804DF /* Project object */;
}
