// !$*UTF8*$!
{
	archiveVersion = 1;
	classes = {
	};
	objectVersion = 46;
	objects = {

/* Begin PBXBuildFile section */
		F1FFA9141D9A12A400E6995B /* AppDelegate.swift in Sources */ = {isa = PBXBuildFile; fileRef = F1FFA9131D9A12A400E6995B /* AppDelegate.swift */; };
		F1FFA9161D9A12A400E6995B /* ViewController.swift in Sources */ = {isa = PBXBuildFile; fileRef = F1FFA9151D9A12A400E6995B /* ViewController.swift */; };
		F1FFA9191D9A12A400E6995B /* Main.storyboard in Resources */ = {isa = PBXBuildFile; fileRef = F1FFA9171D9A12A400E6995B /* Main.storyboard */; };
		F1FFA91B1D9A12A400E6995B /* Assets.xcassets in Resources */ = {isa = PBXBuildFile; fileRef = F1FFA91A1D9A12A400E6995B /* Assets.xcassets */; };
		F1FFA91E1D9A12A400E6995B /* LaunchScreen.storyboard in Resources */ = {isa = PBXBuildFile; fileRef = F1FFA91C1D9A12A400E6995B /* LaunchScreen.storyboard */; };
		F1FFA9291D9A12A400E6995B /* routerTests.swift in Sources */ = {isa = PBXBuildFile; fileRef = F1FFA9281D9A12A400E6995B /* routerTests.swift */; };
		F1FFA9341D9A12A400E6995B /* routerUITests.swift in Sources */ = {isa = PBXBuildFile; fileRef = F1FFA9331D9A12A400E6995B /* routerUITests.swift */; };
		F1FFA9431D9A156E00E6995B /* FirstViewController.swift in Sources */ = {isa = PBXBuildFile; fileRef = F1FFA9411D9A156E00E6995B /* FirstViewController.swift */; };
		F1FFA9441D9A156E00E6995B /* FirstViewController.xib in Resources */ = {isa = PBXBuildFile; fileRef = F1FFA9421D9A156E00E6995B /* FirstViewController.xib */; };
/* End PBXBuildFile section */

/* Begin PBXContainerItemProxy section */
		F1FFA9251D9A12A400E6995B /* PBXContainerItemProxy */ = {
			isa = PBXContainerItemProxy;
			containerPortal = F1FFA9081D9A12A400E6995B /* Project object */;
			proxyType = 1;
			remoteGlobalIDString = F1FFA90F1D9A12A400E6995B;
			remoteInfo = router;
		};
		F1FFA9301D9A12A400E6995B /* PBXContainerItemProxy */ = {
			isa = PBXContainerItemProxy;
			containerPortal = F1FFA9081D9A12A400E6995B /* Project object */;
			proxyType = 1;
			remoteGlobalIDString = F1FFA90F1D9A12A400E6995B;
			remoteInfo = router;
		};
/* End PBXContainerItemProxy section */

/* Begin PBXFileReference section */
		F1FFA9101D9A12A400E6995B /* router.app */ = {isa = PBXFileReference; explicitFileType = wrapper.application; includeInIndex = 0; path = router.app; sourceTree = BUILT_PRODUCTS_DIR; };
		F1FFA9131D9A12A400E6995B /* AppDelegate.swift */ = {isa = PBXFileReference; lastKnownFileType = sourcecode.swift; path = AppDelegate.swift; sourceTree = "<group>"; };
		F1FFA9151D9A12A400E6995B /* ViewController.swift */ = {isa = PBXFileReference; lastKnownFileType = sourcecode.swift; path = ViewController.swift; sourceTree = "<group>"; };
		F1FFA9181D9A12A400E6995B /* Base */ = {isa = PBXFileReference; lastKnownFileType = file.storyboard; name = Base; path = Base.lproj/Main.storyboard; sourceTree = "<group>"; };
		F1FFA91A1D9A12A400E6995B /* Assets.xcassets */ = {isa = PBXFileReference; lastKnownFileType = folder.assetcatalog; path = Assets.xcassets; sourceTree = "<group>"; };
		F1FFA91D1D9A12A400E6995B /* Base */ = {isa = PBXFileReference; lastKnownFileType = file.storyboard; name = Base; path = Base.lproj/LaunchScreen.storyboard; sourceTree = "<group>"; };
		F1FFA91F1D9A12A400E6995B /* Info.plist */ = {isa = PBXFileReference; lastKnownFileType = text.plist.xml; path = Info.plist; sourceTree = "<group>"; };
		F1FFA9241D9A12A400E6995B /* routerTests.xctest */ = {isa = PBXFileReference; explicitFileType = wrapper.cfbundle; includeInIndex = 0; path = routerTests.xctest; sourceTree = BUILT_PRODUCTS_DIR; };
		F1FFA9281D9A12A400E6995B /* routerTests.swift */ = {isa = PBXFileReference; lastKnownFileType = sourcecode.swift; path = routerTests.swift; sourceTree = "<group>"; };
		F1FFA92A1D9A12A400E6995B /* Info.plist */ = {isa = PBXFileReference; lastKnownFileType = text.plist.xml; path = Info.plist; sourceTree = "<group>"; };
		F1FFA92F1D9A12A400E6995B /* routerUITests.xctest */ = {isa = PBXFileReference; explicitFileType = wrapper.cfbundle; includeInIndex = 0; path = routerUITests.xctest; sourceTree = BUILT_PRODUCTS_DIR; };
		F1FFA9331D9A12A400E6995B /* routerUITests.swift */ = {isa = PBXFileReference; lastKnownFileType = sourcecode.swift; path = routerUITests.swift; sourceTree = "<group>"; };
		F1FFA9351D9A12A400E6995B /* Info.plist */ = {isa = PBXFileReference; lastKnownFileType = text.plist.xml; path = Info.plist; sourceTree = "<group>"; };
		F1FFA9411D9A156E00E6995B /* FirstViewController.swift */ = {isa = PBXFileReference; fileEncoding = 4; lastKnownFileType = sourcecode.swift; path = FirstViewController.swift; sourceTree = "<group>"; };
		F1FFA9421D9A156E00E6995B /* FirstViewController.xib */ = {isa = PBXFileReference; fileEncoding = 4; lastKnownFileType = file.xib; path = FirstViewController.xib; sourceTree = "<group>"; };
/* End PBXFileReference section */

/* Begin PBXFrameworksBuildPhase section */
		F1FFA90D1D9A12A400E6995B /* Frameworks */ = {
			isa = PBXFrameworksBuildPhase;
			buildActionMask = 2147483647;
			files = (
			);
			runOnlyForDeploymentPostprocessing = 0;
		};
		F1FFA9211D9A12A400E6995B /* Frameworks */ = {
			isa = PBXFrameworksBuildPhase;
			buildActionMask = 2147483647;
			files = (
			);
			runOnlyForDeploymentPostprocessing = 0;
		};
		F1FFA92C1D9A12A400E6995B /* Frameworks */ = {
			isa = PBXFrameworksBuildPhase;
			buildActionMask = 2147483647;
			files = (
			);
			runOnlyForDeploymentPostprocessing = 0;
		};
/* End PBXFrameworksBuildPhase section */

/* Begin PBXGroup section */
		F1FFA9071D9A12A400E6995B = {
			isa = PBXGroup;
			children = (
				F1FFA9121D9A12A400E6995B /* router */,
				F1FFA9271D9A12A400E6995B /* routerTests */,
				F1FFA9321D9A12A400E6995B /* routerUITests */,
				F1FFA9111D9A12A400E6995B /* Products */,
			);
			sourceTree = "<group>";
		};
		F1FFA9111D9A12A400E6995B /* Products */ = {
			isa = PBXGroup;
			children = (
				F1FFA9101D9A12A400E6995B /* router.app */,
				F1FFA9241D9A12A400E6995B /* routerTests.xctest */,
				F1FFA92F1D9A12A400E6995B /* routerUITests.xctest */,
			);
			name = Products;
			sourceTree = "<group>";
		};
		F1FFA9121D9A12A400E6995B /* router */ = {
			isa = PBXGroup;
			children = (
				F1FFA9131D9A12A400E6995B /* AppDelegate.swift */,
				F1FFA9151D9A12A400E6995B /* ViewController.swift */,
				F1FFA9411D9A156E00E6995B /* FirstViewController.swift */,
				F1FFA9421D9A156E00E6995B /* FirstViewController.xib */,
				F1FFA9171D9A12A400E6995B /* Main.storyboard */,
				F1FFA91A1D9A12A400E6995B /* Assets.xcassets */,
				F1FFA91C1D9A12A400E6995B /* LaunchScreen.storyboard */,
				F1FFA91F1D9A12A400E6995B /* Info.plist */,
			);
			path = router;
			sourceTree = "<group>";
		};
		F1FFA9271D9A12A400E6995B /* routerTests */ = {
			isa = PBXGroup;
			children = (
				F1FFA9281D9A12A400E6995B /* routerTests.swift */,
				F1FFA92A1D9A12A400E6995B /* Info.plist */,
			);
			path = routerTests;
			sourceTree = "<group>";
		};
		F1FFA9321D9A12A400E6995B /* routerUITests */ = {
			isa = PBXGroup;
			children = (
				F1FFA9331D9A12A400E6995B /* routerUITests.swift */,
				F1FFA9351D9A12A400E6995B /* Info.plist */,
			);
			path = routerUITests;
			sourceTree = "<group>";
		};
/* End PBXGroup section */

/* Begin PBXNativeTarget section */
		F1FFA90F1D9A12A400E6995B /* router */ = {
			isa = PBXNativeTarget;
			buildConfigurationList = F1FFA9381D9A12A400E6995B /* Build configuration list for PBXNativeTarget "router" */;
			buildPhases = (
				F1FFA90C1D9A12A400E6995B /* Sources */,
				F1FFA90D1D9A12A400E6995B /* Frameworks */,
				F1FFA90E1D9A12A400E6995B /* Resources */,
			);
			buildRules = (
			);
			dependencies = (
			);
			name = router;
			productName = router;
			productReference = F1FFA9101D9A12A400E6995B /* router.app */;
			productType = "com.apple.product-type.application";
		};
		F1FFA9231D9A12A400E6995B /* routerTests */ = {
			isa = PBXNativeTarget;
			buildConfigurationList = F1FFA93B1D9A12A400E6995B /* Build configuration list for PBXNativeTarget "routerTests" */;
			buildPhases = (
				F1FFA9201D9A12A400E6995B /* Sources */,
				F1FFA9211D9A12A400E6995B /* Frameworks */,
				F1FFA9221D9A12A400E6995B /* Resources */,
			);
			buildRules = (
			);
			dependencies = (
				F1FFA9261D9A12A400E6995B /* PBXTargetDependency */,
			);
			name = routerTests;
			productName = routerTests;
			productReference = F1FFA9241D9A12A400E6995B /* routerTests.xctest */;
			productType = "com.apple.product-type.bundle.unit-test";
		};
		F1FFA92E1D9A12A400E6995B /* routerUITests */ = {
			isa = PBXNativeTarget;
			buildConfigurationList = F1FFA93E1D9A12A400E6995B /* Build configuration list for PBXNativeTarget "routerUITests" */;
			buildPhases = (
				F1FFA92B1D9A12A400E6995B /* Sources */,
				F1FFA92C1D9A12A400E6995B /* Frameworks */,
				F1FFA92D1D9A12A400E6995B /* Resources */,
			);
			buildRules = (
			);
			dependencies = (
				F1FFA9311D9A12A400E6995B /* PBXTargetDependency */,
			);
			name = routerUITests;
			productName = routerUITests;
			productReference = F1FFA92F1D9A12A400E6995B /* routerUITests.xctest */;
			productType = "com.apple.product-type.bundle.ui-testing";
		};
/* End PBXNativeTarget section */

/* Begin PBXProject section */
		F1FFA9081D9A12A400E6995B /* Project object */ = {
			isa = PBXProject;
			attributes = {
				LastSwiftUpdateCheck = 0730;
				LastUpgradeCheck = 0730;
				ORGANIZATIONNAME = parkinwu;
				TargetAttributes = {
					F1FFA90F1D9A12A400E6995B = {
						CreatedOnToolsVersion = 7.3;
						DevelopmentTeam = CN9B8PEM7J;
						LastSwiftMigration = 0800;
					};
					F1FFA9231D9A12A400E6995B = {
						CreatedOnToolsVersion = 7.3;
						LastSwiftMigration = 0800;
						TestTargetID = F1FFA90F1D9A12A400E6995B;
					};
					F1FFA92E1D9A12A400E6995B = {
						CreatedOnToolsVersion = 7.3;
						LastSwiftMigration = 0800;
						TestTargetID = F1FFA90F1D9A12A400E6995B;
					};
				};
			};
			buildConfigurationList = F1FFA90B1D9A12A400E6995B /* Build configuration list for PBXProject "router" */;
			compatibilityVersion = "Xcode 3.2";
			developmentRegion = English;
			hasScannedForEncodings = 0;
			knownRegions = (
				en,
				Base,
			);
			mainGroup = F1FFA9071D9A12A400E6995B;
			productRefGroup = F1FFA9111D9A12A400E6995B /* Products */;
			projectDirPath = "";
			projectRoot = "";
			targets = (
				F1FFA90F1D9A12A400E6995B /* router */,
				F1FFA9231D9A12A400E6995B /* routerTests */,
				F1FFA92E1D9A12A400E6995B /* routerUITests */,
			);
		};
/* End PBXProject section */

/* Begin PBXResourcesBuildPhase section */
		F1FFA90E1D9A12A400E6995B /* Resources */ = {
			isa = PBXResourcesBuildPhase;
			buildActionMask = 2147483647;
			files = (
				F1FFA91E1D9A12A400E6995B /* LaunchScreen.storyboard in Resources */,
				F1FFA91B1D9A12A400E6995B /* Assets.xcassets in Resources */,
				F1FFA9191D9A12A400E6995B /* Main.storyboard in Resources */,
				F1FFA9441D9A156E00E6995B /* FirstViewController.xib in Resources */,
			);
			runOnlyForDeploymentPostprocessing = 0;
		};
		F1FFA9221D9A12A400E6995B /* Resources */ = {
			isa = PBXResourcesBuildPhase;
			buildActionMask = 2147483647;
			files = (
			);
			runOnlyForDeploymentPostprocessing = 0;
		};
		F1FFA92D1D9A12A400E6995B /* Resources */ = {
			isa = PBXResourcesBuildPhase;
			buildActionMask = 2147483647;
			files = (
			);
			runOnlyForDeploymentPostprocessing = 0;
		};
/* End PBXResourcesBuildPhase section */

/* Begin PBXSourcesBuildPhase section */
		F1FFA90C1D9A12A400E6995B /* Sources */ = {
			isa = PBXSourcesBuildPhase;
			buildActionMask = 2147483647;
			files = (
				F1FFA9431D9A156E00E6995B /* FirstViewController.swift in Sources */,
				F1FFA9161D9A12A400E6995B /* ViewController.swift in Sources */,
				F1FFA9141D9A12A400E6995B /* AppDelegate.swift in Sources */,
			);
			runOnlyForDeploymentPostprocessing = 0;
		};
		F1FFA9201D9A12A400E6995B /* Sources */ = {
			isa = PBXSourcesBuildPhase;
			buildActionMask = 2147483647;
			files = (
				F1FFA9291D9A12A400E6995B /* routerTests.swift in Sources */,
			);
			runOnlyForDeploymentPostprocessing = 0;
		};
		F1FFA92B1D9A12A400E6995B /* Sources */ = {
			isa = PBXSourcesBuildPhase;
			buildActionMask = 2147483647;
			files = (
				F1FFA9341D9A12A400E6995B /* routerUITests.swift in Sources */,
			);
			runOnlyForDeploymentPostprocessing = 0;
		};
/* End PBXSourcesBuildPhase section */

/* Begin PBXTargetDependency section */
		F1FFA9261D9A12A400E6995B /* PBXTargetDependency */ = {
			isa = PBXTargetDependency;
			target = F1FFA90F1D9A12A400E6995B /* router */;
			targetProxy = F1FFA9251D9A12A400E6995B /* PBXContainerItemProxy */;
		};
		F1FFA9311D9A12A400E6995B /* PBXTargetDependency */ = {
			isa = PBXTargetDependency;
			target = F1FFA90F1D9A12A400E6995B /* router */;
			targetProxy = F1FFA9301D9A12A400E6995B /* PBXContainerItemProxy */;
		};
/* End PBXTargetDependency section */

/* Begin PBXVariantGroup section */
		F1FFA9171D9A12A400E6995B /* Main.storyboard */ = {
			isa = PBXVariantGroup;
			children = (
				F1FFA9181D9A12A400E6995B /* Base */,
			);
			name = Main.storyboard;
			sourceTree = "<group>";
		};
		F1FFA91C1D9A12A400E6995B /* LaunchScreen.storyboard */ = {
			isa = PBXVariantGroup;
			children = (
				F1FFA91D1D9A12A400E6995B /* Base */,
			);
			name = LaunchScreen.storyboard;
			sourceTree = "<group>";
		};
/* End PBXVariantGroup section */

/* Begin XCBuildConfiguration section */
		F1FFA9361D9A12A400E6995B /* Debug */ = {
			isa = XCBuildConfiguration;
			buildSettings = {
				ALWAYS_SEARCH_USER_PATHS = NO;
				CLANG_ANALYZER_NONNULL = YES;
				CLANG_CXX_LANGUAGE_STANDARD = "gnu++0x";
				CLANG_CXX_LIBRARY = "libc++";
				CLANG_ENABLE_MODULES = YES;
				CLANG_ENABLE_OBJC_ARC = YES;
				CLANG_WARN_BOOL_CONVERSION = YES;
				CLANG_WARN_CONSTANT_CONVERSION = YES;
				CLANG_WARN_DIRECT_OBJC_ISA_USAGE = YES_ERROR;
				CLANG_WARN_EMPTY_BODY = YES;
				CLANG_WARN_ENUM_CONVERSION = YES;
				CLANG_WARN_INT_CONVERSION = YES;
				CLANG_WARN_OBJC_ROOT_CLASS = YES_ERROR;
				CLANG_WARN_UNREACHABLE_CODE = YES;
				CLANG_WARN__DUPLICATE_METHOD_MATCH = YES;
				"CODE_SIGN_IDENTITY[sdk=iphoneos*]" = "iPhone Developer";
				COPY_PHASE_STRIP = NO;
				DEBUG_INFORMATION_FORMAT = dwarf;
				ENABLE_STRICT_OBJC_MSGSEND = YES;
				ENABLE_TESTABILITY = YES;
				GCC_C_LANGUAGE_STANDARD = gnu99;
				GCC_DYNAMIC_NO_PIC = NO;
				GCC_NO_COMMON_BLOCKS = YES;
				GCC_OPTIMIZATION_LEVEL = 0;
				GCC_PREPROCESSOR_DEFINITIONS = (
					"DEBUG=1",
					"$(inherited)",
				);
				GCC_WARN_64_TO_32_BIT_CONVERSION = YES;
				GCC_WARN_ABOUT_RETURN_TYPE = YES_ERROR;
				GCC_WARN_UNDECLARED_SELECTOR = YES;
				GCC_WARN_UNINITIALIZED_AUTOS = YES_AGGRESSIVE;
				GCC_WARN_UNUSED_FUNCTION = YES;
				GCC_WARN_UNUSED_VARIABLE = YES;
				IPHONEOS_DEPLOYMENT_TARGET = 9.3;
				MTL_ENABLE_DEBUG_INFO = YES;
				ONLY_ACTIVE_ARCH = YES;
				SDKROOT = iphoneos;
				SWIFT_OPTIMIZATION_LEVEL = "-Onone";
			};
			name = Debug;
		};
		F1FFA9371D9A12A400E6995B /* Release */ = {
			isa = XCBuildConfiguration;
			buildSettings = {
				ALWAYS_SEARCH_USER_PATHS = NO;
				CLANG_ANALYZER_NONNULL = YES;
				CLANG_CXX_LANGUAGE_STANDARD = "gnu++0x";
				CLANG_CXX_LIBRARY = "libc++";
				CLANG_ENABLE_MODULES = YES;
				CLANG_ENABLE_OBJC_ARC = YES;
				CLANG_WARN_BOOL_CONVERSION = YES;
				CLANG_WARN_CONSTANT_CONVERSION = YES;
				CLANG_WARN_DIRECT_OBJC_ISA_USAGE = YES_ERROR;
				CLANG_WARN_EMPTY_BODY = YES;
				CLANG_WARN_ENUM_CONVERSION = YES;
				CLANG_WARN_INT_CONVERSION = YES;
				CLANG_WARN_OBJC_ROOT_CLASS = YES_ERROR;
				CLANG_WARN_UNREACHABLE_CODE = YES;
				CLANG_WARN__DUPLICATE_METHOD_MATCH = YES;
				"CODE_SIGN_IDENTITY[sdk=iphoneos*]" = "iPhone Developer";
				COPY_PHASE_STRIP = NO;
				DEBUG_INFORMATION_FORMAT = "dwarf-with-dsym";
				ENABLE_NS_ASSERTIONS = NO;
				ENABLE_STRICT_OBJC_MSGSEND = YES;
				GCC_C_LANGUAGE_STANDARD = gnu99;
				GCC_NO_COMMON_BLOCKS = YES;
				GCC_WARN_64_TO_32_BIT_CONVERSION = YES;
				GCC_WARN_ABOUT_RETURN_TYPE = YES_ERROR;
				GCC_WARN_UNDECLARED_SELECTOR = YES;
				GCC_WARN_UNINITIALIZED_AUTOS = YES_AGGRESSIVE;
				GCC_WARN_UNUSED_FUNCTION = YES;
				GCC_WARN_UNUSED_VARIABLE = YES;
				IPHONEOS_DEPLOYMENT_TARGET = 9.3;
				MTL_ENABLE_DEBUG_INFO = NO;
				SDKROOT = iphoneos;
				VALIDATE_PRODUCT = YES;
			};
			name = Release;
		};
		F1FFA9391D9A12A400E6995B /* Debug */ = {
			isa = XCBuildConfiguration;
			buildSettings = {
				ASSETCATALOG_COMPILER_APPICON_NAME = AppIcon;
				DEVELOPMENT_TEAM = CN9B8PEM7J;
				INFOPLIST_FILE = router/Info.plist;
				LD_RUNPATH_SEARCH_PATHS = "$(inherited) @executable_path/Frameworks";
				PRODUCT_BUNDLE_IDENTIFIER = com.parkinwu.router;
				PRODUCT_NAME = "$(TARGET_NAME)";
				SWIFT_VERSION = 3.0;
			};
			name = Debug;
		};
		F1FFA93A1D9A12A400E6995B /* Release */ = {
			isa = XCBuildConfiguration;
			buildSettings = {
				ASSETCATALOG_COMPILER_APPICON_NAME = AppIcon;
				DEVELOPMENT_TEAM = CN9B8PEM7J;
				INFOPLIST_FILE = router/Info.plist;
				LD_RUNPATH_SEARCH_PATHS = "$(inherited) @executable_path/Frameworks";
				PRODUCT_BUNDLE_IDENTIFIER = com.parkinwu.router;
				PRODUCT_NAME = "$(TARGET_NAME)";
				SWIFT_VERSION = 3.0;
			};
			name = Release;
		};
		F1FFA93C1D9A12A400E6995B /* Debug */ = {
			isa = XCBuildConfiguration;
			buildSettings = {
				BUNDLE_LOADER = "$(TEST_HOST)";
				INFOPLIST_FILE = routerTests/Info.plist;
				LD_RUNPATH_SEARCH_PATHS = "$(inherited) @executable_path/Frameworks @loader_path/Frameworks";
				PRODUCT_BUNDLE_IDENTIFIER = com.parkinwu.routerTests;
				PRODUCT_NAME = "$(TARGET_NAME)";
				SWIFT_VERSION = 3.0;
				TEST_HOST = "$(BUILT_PRODUCTS_DIR)/router.app/router";
			};
			name = Debug;
		};
		F1FFA93D1D9A12A400E6995B /* Release */ = {
			isa = XCBuildConfiguration;
			buildSettings = {
				BUNDLE_LOADER = "$(TEST_HOST)";
				INFOPLIST_FILE = routerTests/Info.plist;
				LD_RUNPATH_SEARCH_PATHS = "$(inherited) @executable_path/Frameworks @loader_path/Frameworks";
				PRODUCT_BUNDLE_IDENTIFIER = com.parkinwu.routerTests;
				PRODUCT_NAME = "$(TARGET_NAME)";
				SWIFT_VERSION = 3.0;
				TEST_HOST = "$(BUILT_PRODUCTS_DIR)/router.app/router";
			};
			name = Release;
		};
		F1FFA93F1D9A12A400E6995B /* Debug */ = {
			isa = XCBuildConfiguration;
			buildSettings = {
				INFOPLIST_FILE = routerUITests/Info.plist;
				LD_RUNPATH_SEARCH_PATHS = "$(inherited) @executable_path/Frameworks @loader_path/Frameworks";
				PRODUCT_BUNDLE_IDENTIFIER = com.parkinwu.routerUITests;
				PRODUCT_NAME = "$(TARGET_NAME)";
				SWIFT_VERSION = 3.0;
				TEST_TARGET_NAME = router;
			};
			name = Debug;
		};
		F1FFA9401D9A12A400E6995B /* Release */ = {
			isa = XCBuildConfiguration;
			buildSettings = {
				INFOPLIST_FILE = routerUITests/Info.plist;
				LD_RUNPATH_SEARCH_PATHS = "$(inherited) @executable_path/Frameworks @loader_path/Frameworks";
				PRODUCT_BUNDLE_IDENTIFIER = com.parkinwu.routerUITests;
				PRODUCT_NAME = "$(TARGET_NAME)";
				SWIFT_VERSION = 3.0;
				TEST_TARGET_NAME = router;
			};
			name = Release;
		};
/* End XCBuildConfiguration section */

/* Begin XCConfigurationList section */
		F1FFA90B1D9A12A400E6995B /* Build configuration list for PBXProject "router" */ = {
			isa = XCConfigurationList;
			buildConfigurations = (
				F1FFA9361D9A12A400E6995B /* Debug */,
				F1FFA9371D9A12A400E6995B /* Release */,
			);
			defaultConfigurationIsVisible = 0;
			defaultConfigurationName = Release;
		};
		F1FFA9381D9A12A400E6995B /* Build configuration list for PBXNativeTarget "router" */ = {
			isa = XCConfigurationList;
			buildConfigurations = (
				F1FFA9391D9A12A400E6995B /* Debug */,
				F1FFA93A1D9A12A400E6995B /* Release */,
			);
			defaultConfigurationIsVisible = 0;
			defaultConfigurationName = Release;
		};
		F1FFA93B1D9A12A400E6995B /* Build configuration list for PBXNativeTarget "routerTests" */ = {
			isa = XCConfigurationList;
			buildConfigurations = (
				F1FFA93C1D9A12A400E6995B /* Debug */,
				F1FFA93D1D9A12A400E6995B /* Release */,
			);
			defaultConfigurationIsVisible = 0;
			defaultConfigurationName = Release;
		};
		F1FFA93E1D9A12A400E6995B /* Build configuration list for PBXNativeTarget "routerUITests" */ = {
			isa = XCConfigurationList;
			buildConfigurations = (
				F1FFA93F1D9A12A400E6995B /* Debug */,
				F1FFA9401D9A12A400E6995B /* Release */,
			);
			defaultConfigurationIsVisible = 0;
			defaultConfigurationName = Release;
		};
/* End XCConfigurationList section */
	};
	rootObject = F1FFA9081D9A12A400E6995B /* Project object */;
}
