// !$*UTF8*$!
{
	archiveVersion = 1;
	classes = {
	};
	objectVersion = 46;
	objects = {

/* Begin PBXBuildFile section */
		F14DB57F1DCC38C700176AA4 /* AppDelegate.swift in Sources */ = {isa = PBXBuildFile; fileRef = F14DB57E1DCC38C700176AA4 /* AppDelegate.swift */; };
		F14DB5811DCC38C700176AA4 /* ViewController.swift in Sources */ = {isa = PBXBuildFile; fileRef = F14DB5801DCC38C700176AA4 /* ViewController.swift */; };
		F14DB5841DCC38C700176AA4 /* Main.storyboard in Resources */ = {isa = PBXBuildFile; fileRef = F14DB5821DCC38C700176AA4 /* Main.storyboard */; };
		F14DB5861DCC38C700176AA4 /* Assets.xcassets in Resources */ = {isa = PBXBuildFile; fileRef = F14DB5851DCC38C700176AA4 /* Assets.xcassets */; };
		F14DB5891DCC38C700176AA4 /* LaunchScreen.storyboard in Resources */ = {isa = PBXBuildFile; fileRef = F14DB5871DCC38C700176AA4 /* LaunchScreen.storyboard */; };
		F14DB5941DCC38C800176AA4 /* TestTests.swift in Sources */ = {isa = PBXBuildFile; fileRef = F14DB5931DCC38C800176AA4 /* TestTests.swift */; };
		F14DB59F1DCC38C800176AA4 /* TestUITests.swift in Sources */ = {isa = PBXBuildFile; fileRef = F14DB59E1DCC38C800176AA4 /* TestUITests.swift */; };
/* End PBXBuildFile section */

/* Begin PBXContainerItemProxy section */
		F14DB5901DCC38C800176AA4 /* PBXContainerItemProxy */ = {
			isa = PBXContainerItemProxy;
			containerPortal = F14DB5731DCC38C700176AA4 /* Project object */;
			proxyType = 1;
			remoteGlobalIDString = F14DB57A1DCC38C700176AA4;
			remoteInfo = Test;
		};
		F14DB59B1DCC38C800176AA4 /* PBXContainerItemProxy */ = {
			isa = PBXContainerItemProxy;
			containerPortal = F14DB5731DCC38C700176AA4 /* Project object */;
			proxyType = 1;
			remoteGlobalIDString = F14DB57A1DCC38C700176AA4;
			remoteInfo = Test;
		};
/* End PBXContainerItemProxy section */

/* Begin PBXFileReference section */
		F14DB57B1DCC38C700176AA4 /* Test.app */ = {isa = PBXFileReference; explicitFileType = wrapper.application; includeInIndex = 0; path = Test.app; sourceTree = BUILT_PRODUCTS_DIR; };
		F14DB57E1DCC38C700176AA4 /* AppDelegate.swift */ = {isa = PBXFileReference; lastKnownFileType = sourcecode.swift; path = AppDelegate.swift; sourceTree = "<group>"; };
		F14DB5801DCC38C700176AA4 /* ViewController.swift */ = {isa = PBXFileReference; lastKnownFileType = sourcecode.swift; path = ViewController.swift; sourceTree = "<group>"; };
		F14DB5831DCC38C700176AA4 /* Base */ = {isa = PBXFileReference; lastKnownFileType = file.storyboard; name = Base; path = Base.lproj/Main.storyboard; sourceTree = "<group>"; };
		F14DB5851DCC38C700176AA4 /* Assets.xcassets */ = {isa = PBXFileReference; lastKnownFileType = folder.assetcatalog; path = Assets.xcassets; sourceTree = "<group>"; };
		F14DB5881DCC38C700176AA4 /* Base */ = {isa = PBXFileReference; lastKnownFileType = file.storyboard; name = Base; path = Base.lproj/LaunchScreen.storyboard; sourceTree = "<group>"; };
		F14DB58A1DCC38C700176AA4 /* Info.plist */ = {isa = PBXFileReference; lastKnownFileType = text.plist.xml; path = Info.plist; sourceTree = "<group>"; };
		F14DB58F1DCC38C800176AA4 /* TestTests.xctest */ = {isa = PBXFileReference; explicitFileType = wrapper.cfbundle; includeInIndex = 0; path = TestTests.xctest; sourceTree = BUILT_PRODUCTS_DIR; };
		F14DB5931DCC38C800176AA4 /* TestTests.swift */ = {isa = PBXFileReference; lastKnownFileType = sourcecode.swift; path = TestTests.swift; sourceTree = "<group>"; };
		F14DB5951DCC38C800176AA4 /* Info.plist */ = {isa = PBXFileReference; lastKnownFileType = text.plist.xml; path = Info.plist; sourceTree = "<group>"; };
		F14DB59A1DCC38C800176AA4 /* TestUITests.xctest */ = {isa = PBXFileReference; explicitFileType = wrapper.cfbundle; includeInIndex = 0; path = TestUITests.xctest; sourceTree = BUILT_PRODUCTS_DIR; };
		F14DB59E1DCC38C800176AA4 /* TestUITests.swift */ = {isa = PBXFileReference; lastKnownFileType = sourcecode.swift; path = TestUITests.swift; sourceTree = "<group>"; };
		F14DB5A01DCC38C800176AA4 /* Info.plist */ = {isa = PBXFileReference; lastKnownFileType = text.plist.xml; path = Info.plist; sourceTree = "<group>"; };
/* End PBXFileReference section */

/* Begin PBXFrameworksBuildPhase section */
		F14DB5781DCC38C700176AA4 /* Frameworks */ = {
			isa = PBXFrameworksBuildPhase;
			buildActionMask = 2147483647;
			files = (
			);
			runOnlyForDeploymentPostprocessing = 0;
		};
		F14DB58C1DCC38C800176AA4 /* Frameworks */ = {
			isa = PBXFrameworksBuildPhase;
			buildActionMask = 2147483647;
			files = (
			);
			runOnlyForDeploymentPostprocessing = 0;
		};
		F14DB5971DCC38C800176AA4 /* Frameworks */ = {
			isa = PBXFrameworksBuildPhase;
			buildActionMask = 2147483647;
			files = (
			);
			runOnlyForDeploymentPostprocessing = 0;
		};
/* End PBXFrameworksBuildPhase section */

/* Begin PBXGroup section */
		F14DB5721DCC38C700176AA4 = {
			isa = PBXGroup;
			children = (
				F14DB57D1DCC38C700176AA4 /* Test */,
				F14DB5921DCC38C800176AA4 /* TestTests */,
				F14DB59D1DCC38C800176AA4 /* TestUITests */,
				F14DB57C1DCC38C700176AA4 /* Products */,
			);
			sourceTree = "<group>";
		};
		F14DB57C1DCC38C700176AA4 /* Products */ = {
			isa = PBXGroup;
			children = (
				F14DB57B1DCC38C700176AA4 /* Test.app */,
				F14DB58F1DCC38C800176AA4 /* TestTests.xctest */,
				F14DB59A1DCC38C800176AA4 /* TestUITests.xctest */,
			);
			name = Products;
			sourceTree = "<group>";
		};
		F14DB57D1DCC38C700176AA4 /* Test */ = {
			isa = PBXGroup;
			children = (
				F14DB57E1DCC38C700176AA4 /* AppDelegate.swift */,
				F14DB5801DCC38C700176AA4 /* ViewController.swift */,
				F14DB5821DCC38C700176AA4 /* Main.storyboard */,
				F14DB5851DCC38C700176AA4 /* Assets.xcassets */,
				F14DB5871DCC38C700176AA4 /* LaunchScreen.storyboard */,
				F14DB58A1DCC38C700176AA4 /* Info.plist */,
			);
			path = Test;
			sourceTree = "<group>";
		};
		F14DB5921DCC38C800176AA4 /* TestTests */ = {
			isa = PBXGroup;
			children = (
				F14DB5931DCC38C800176AA4 /* TestTests.swift */,
				F14DB5951DCC38C800176AA4 /* Info.plist */,
			);
			path = TestTests;
			sourceTree = "<group>";
		};
		F14DB59D1DCC38C800176AA4 /* TestUITests */ = {
			isa = PBXGroup;
			children = (
				F14DB59E1DCC38C800176AA4 /* TestUITests.swift */,
				F14DB5A01DCC38C800176AA4 /* Info.plist */,
			);
			path = TestUITests;
			sourceTree = "<group>";
		};
/* End PBXGroup section */

/* Begin PBXNativeTarget section */
		F14DB57A1DCC38C700176AA4 /* Test */ = {
			isa = PBXNativeTarget;
			buildConfigurationList = F14DB5A31DCC38C800176AA4 /* Build configuration list for PBXNativeTarget "Test" */;
			buildPhases = (
				F14DB5771DCC38C700176AA4 /* Sources */,
				F14DB5781DCC38C700176AA4 /* Frameworks */,
				F14DB5791DCC38C700176AA4 /* Resources */,
			);
			buildRules = (
			);
			dependencies = (
			);
			name = Test;
			productName = Test;
			productReference = F14DB57B1DCC38C700176AA4 /* Test.app */;
			productType = "com.apple.product-type.application";
		};
		F14DB58E1DCC38C800176AA4 /* TestTests */ = {
			isa = PBXNativeTarget;
			buildConfigurationList = F14DB5A61DCC38C800176AA4 /* Build configuration list for PBXNativeTarget "TestTests" */;
			buildPhases = (
				F14DB58B1DCC38C800176AA4 /* Sources */,
				F14DB58C1DCC38C800176AA4 /* Frameworks */,
				F14DB58D1DCC38C800176AA4 /* Resources */,
			);
			buildRules = (
			);
			dependencies = (
				F14DB5911DCC38C800176AA4 /* PBXTargetDependency */,
			);
			name = TestTests;
			productName = TestTests;
			productReference = F14DB58F1DCC38C800176AA4 /* TestTests.xctest */;
			productType = "com.apple.product-type.bundle.unit-test";
		};
		F14DB5991DCC38C800176AA4 /* TestUITests */ = {
			isa = PBXNativeTarget;
			buildConfigurationList = F14DB5A91DCC38C800176AA4 /* Build configuration list for PBXNativeTarget "TestUITests" */;
			buildPhases = (
				F14DB5961DCC38C800176AA4 /* Sources */,
				F14DB5971DCC38C800176AA4 /* Frameworks */,
				F14DB5981DCC38C800176AA4 /* Resources */,
			);
			buildRules = (
			);
			dependencies = (
				F14DB59C1DCC38C800176AA4 /* PBXTargetDependency */,
			);
			name = TestUITests;
			productName = TestUITests;
			productReference = F14DB59A1DCC38C800176AA4 /* TestUITests.xctest */;
			productType = "com.apple.product-type.bundle.ui-testing";
		};
/* End PBXNativeTarget section */

/* Begin PBXProject section */
		F14DB5731DCC38C700176AA4 /* Project object */ = {
			isa = PBXProject;
			attributes = {
				LastSwiftUpdateCheck = 0810;
				LastUpgradeCheck = 0810;
				ORGANIZATIONNAME = parkinwu;
				TargetAttributes = {
					F14DB57A1DCC38C700176AA4 = {
						CreatedOnToolsVersion = 8.1;
						DevelopmentTeam = CN9B8PEM7J;
						ProvisioningStyle = Automatic;
					};
					F14DB58E1DCC38C800176AA4 = {
						CreatedOnToolsVersion = 8.1;
						DevelopmentTeam = CN9B8PEM7J;
						ProvisioningStyle = Automatic;
						TestTargetID = F14DB57A1DCC38C700176AA4;
					};
					F14DB5991DCC38C800176AA4 = {
						CreatedOnToolsVersion = 8.1;
						DevelopmentTeam = CN9B8PEM7J;
						ProvisioningStyle = Automatic;
						TestTargetID = F14DB57A1DCC38C700176AA4;
					};
				};
			};
			buildConfigurationList = F14DB5761DCC38C700176AA4 /* Build configuration list for PBXProject "Test" */;
			compatibilityVersion = "Xcode 3.2";
			developmentRegion = English;
			hasScannedForEncodings = 0;
			knownRegions = (
				en,
				Base,
			);
			mainGroup = F14DB5721DCC38C700176AA4;
			productRefGroup = F14DB57C1DCC38C700176AA4 /* Products */;
			projectDirPath = "";
			projectRoot = "";
			targets = (
				F14DB57A1DCC38C700176AA4 /* Test */,
				F14DB58E1DCC38C800176AA4 /* TestTests */,
				F14DB5991DCC38C800176AA4 /* TestUITests */,
			);
		};
/* End PBXProject section */

/* Begin PBXResourcesBuildPhase section */
		F14DB5791DCC38C700176AA4 /* Resources */ = {
			isa = PBXResourcesBuildPhase;
			buildActionMask = 2147483647;
			files = (
				F14DB5891DCC38C700176AA4 /* LaunchScreen.storyboard in Resources */,
				F14DB5861DCC38C700176AA4 /* Assets.xcassets in Resources */,
				F14DB5841DCC38C700176AA4 /* Main.storyboard in Resources */,
			);
			runOnlyForDeploymentPostprocessing = 0;
		};
		F14DB58D1DCC38C800176AA4 /* Resources */ = {
			isa = PBXResourcesBuildPhase;
			buildActionMask = 2147483647;
			files = (
			);
			runOnlyForDeploymentPostprocessing = 0;
		};
		F14DB5981DCC38C800176AA4 /* Resources */ = {
			isa = PBXResourcesBuildPhase;
			buildActionMask = 2147483647;
			files = (
			);
			runOnlyForDeploymentPostprocessing = 0;
		};
/* End PBXResourcesBuildPhase section */

/* Begin PBXSourcesBuildPhase section */
		F14DB5771DCC38C700176AA4 /* Sources */ = {
			isa = PBXSourcesBuildPhase;
			buildActionMask = 2147483647;
			files = (
				F14DB5811DCC38C700176AA4 /* ViewController.swift in Sources */,
				F14DB57F1DCC38C700176AA4 /* AppDelegate.swift in Sources */,
			);
			runOnlyForDeploymentPostprocessing = 0;
		};
		F14DB58B1DCC38C800176AA4 /* Sources */ = {
			isa = PBXSourcesBuildPhase;
			buildActionMask = 2147483647;
			files = (
				F14DB5941DCC38C800176AA4 /* TestTests.swift in Sources */,
			);
			runOnlyForDeploymentPostprocessing = 0;
		};
		F14DB5961DCC38C800176AA4 /* Sources */ = {
			isa = PBXSourcesBuildPhase;
			buildActionMask = 2147483647;
			files = (
				F14DB59F1DCC38C800176AA4 /* TestUITests.swift in Sources */,
			);
			runOnlyForDeploymentPostprocessing = 0;
		};
/* End PBXSourcesBuildPhase section */

/* Begin PBXTargetDependency section */
		F14DB5911DCC38C800176AA4 /* PBXTargetDependency */ = {
			isa = PBXTargetDependency;
			target = F14DB57A1DCC38C700176AA4 /* Test */;
			targetProxy = F14DB5901DCC38C800176AA4 /* PBXContainerItemProxy */;
		};
		F14DB59C1DCC38C800176AA4 /* PBXTargetDependency */ = {
			isa = PBXTargetDependency;
			target = F14DB57A1DCC38C700176AA4 /* Test */;
			targetProxy = F14DB59B1DCC38C800176AA4 /* PBXContainerItemProxy */;
		};
/* End PBXTargetDependency section */

/* Begin PBXVariantGroup section */
		F14DB5821DCC38C700176AA4 /* Main.storyboard */ = {
			isa = PBXVariantGroup;
			children = (
				F14DB5831DCC38C700176AA4 /* Base */,
			);
			name = Main.storyboard;
			sourceTree = "<group>";
		};
		F14DB5871DCC38C700176AA4 /* LaunchScreen.storyboard */ = {
			isa = PBXVariantGroup;
			children = (
				F14DB5881DCC38C700176AA4 /* Base */,
			);
			name = LaunchScreen.storyboard;
			sourceTree = "<group>";
		};
/* End PBXVariantGroup section */

/* Begin XCBuildConfiguration section */
		F14DB5A11DCC38C800176AA4 /* Debug */ = {
			isa = XCBuildConfiguration;
			buildSettings = {
				ALWAYS_SEARCH_USER_PATHS = NO;
				CLANG_ANALYZER_NONNULL = YES;
				CLANG_CXX_LANGUAGE_STANDARD = "gnu++0x";
				CLANG_CXX_LIBRARY = "libc++";
				CLANG_ENABLE_MODULES = YES;
				CLANG_ENABLE_OBJC_ARC = YES;
				CLANG_WARN_BOOL_CONVERSION = YES;
				CLANG_WARN_CONSTANT_CONVERSION = YES;
				CLANG_WARN_DIRECT_OBJC_ISA_USAGE = YES_ERROR;
				CLANG_WARN_DOCUMENTATION_COMMENTS = YES;
				CLANG_WARN_EMPTY_BODY = YES;
				CLANG_WARN_ENUM_CONVERSION = YES;
				CLANG_WARN_INFINITE_RECURSION = YES;
				CLANG_WARN_INT_CONVERSION = YES;
				CLANG_WARN_OBJC_ROOT_CLASS = YES_ERROR;
				CLANG_WARN_SUSPICIOUS_MOVES = YES;
				CLANG_WARN_UNREACHABLE_CODE = YES;
				CLANG_WARN__DUPLICATE_METHOD_MATCH = YES;
				"CODE_SIGN_IDENTITY[sdk=iphoneos*]" = "iPhone Developer";
				COPY_PHASE_STRIP = NO;
				DEBUG_INFORMATION_FORMAT = dwarf;
				ENABLE_STRICT_OBJC_MSGSEND = YES;
				ENABLE_TESTABILITY = YES;
				GCC_C_LANGUAGE_STANDARD = gnu99;
				GCC_DYNAMIC_NO_PIC = NO;
				GCC_NO_COMMON_BLOCKS = YES;
				GCC_OPTIMIZATION_LEVEL = 0;
				GCC_PREPROCESSOR_DEFINITIONS = (
					"DEBUG=1",
					"$(inherited)",
				);
				GCC_WARN_64_TO_32_BIT_CONVERSION = YES;
				GCC_WARN_ABOUT_RETURN_TYPE = YES_ERROR;
				GCC_WARN_UNDECLARED_SELECTOR = YES;
				GCC_WARN_UNINITIALIZED_AUTOS = YES_AGGRESSIVE;
				GCC_WARN_UNUSED_FUNCTION = YES;
				GCC_WARN_UNUSED_VARIABLE = YES;
				IPHONEOS_DEPLOYMENT_TARGET = 10.1;
				MTL_ENABLE_DEBUG_INFO = YES;
				ONLY_ACTIVE_ARCH = YES;
				SDKROOT = iphoneos;
				SWIFT_ACTIVE_COMPILATION_CONDITIONS = DEBUG;
				SWIFT_OPTIMIZATION_LEVEL = "-Onone";
			};
			name = Debug;
		};
		F14DB5A21DCC38C800176AA4 /* Release */ = {
			isa = XCBuildConfiguration;
			buildSettings = {
				ALWAYS_SEARCH_USER_PATHS = NO;
				CLANG_ANALYZER_NONNULL = YES;
				CLANG_CXX_LANGUAGE_STANDARD = "gnu++0x";
				CLANG_CXX_LIBRARY = "libc++";
				CLANG_ENABLE_MODULES = YES;
				CLANG_ENABLE_OBJC_ARC = YES;
				CLANG_WARN_BOOL_CONVERSION = YES;
				CLANG_WARN_CONSTANT_CONVERSION = YES;
				CLANG_WARN_DIRECT_OBJC_ISA_USAGE = YES_ERROR;
				CLANG_WARN_DOCUMENTATION_COMMENTS = YES;
				CLANG_WARN_EMPTY_BODY = YES;
				CLANG_WARN_ENUM_CONVERSION = YES;
				CLANG_WARN_INFINITE_RECURSION = YES;
				CLANG_WARN_INT_CONVERSION = YES;
				CLANG_WARN_OBJC_ROOT_CLASS = YES_ERROR;
				CLANG_WARN_SUSPICIOUS_MOVES = YES;
				CLANG_WARN_UNREACHABLE_CODE = YES;
				CLANG_WARN__DUPLICATE_METHOD_MATCH = YES;
				"CODE_SIGN_IDENTITY[sdk=iphoneos*]" = "iPhone Developer";
				COPY_PHASE_STRIP = NO;
				DEBUG_INFORMATION_FORMAT = "dwarf-with-dsym";
				ENABLE_NS_ASSERTIONS = NO;
				ENABLE_STRICT_OBJC_MSGSEND = YES;
				GCC_C_LANGUAGE_STANDARD = gnu99;
				GCC_NO_COMMON_BLOCKS = YES;
				GCC_WARN_64_TO_32_BIT_CONVERSION = YES;
				GCC_WARN_ABOUT_RETURN_TYPE = YES_ERROR;
				GCC_WARN_UNDECLARED_SELECTOR = YES;
				GCC_WARN_UNINITIALIZED_AUTOS = YES_AGGRESSIVE;
				GCC_WARN_UNUSED_FUNCTION = YES;
				GCC_WARN_UNUSED_VARIABLE = YES;
				IPHONEOS_DEPLOYMENT_TARGET = 10.1;
				MTL_ENABLE_DEBUG_INFO = NO;
				SDKROOT = iphoneos;
				SWIFT_OPTIMIZATION_LEVEL = "-Owholemodule";
				VALIDATE_PRODUCT = YES;
			};
			name = Release;
		};
		F14DB5A41DCC38C800176AA4 /* Debug */ = {
			isa = XCBuildConfiguration;
			buildSettings = {
				ASSETCATALOG_COMPILER_APPICON_NAME = AppIcon;
				DEVELOPMENT_TEAM = CN9B8PEM7J;
				INFOPLIST_FILE = Test/Info.plist;
				LD_RUNPATH_SEARCH_PATHS = "$(inherited) @executable_path/Frameworks";
				PRODUCT_BUNDLE_IDENTIFIER = com.ctrip.Test;
				PRODUCT_NAME = "$(TARGET_NAME)";
				SWIFT_VERSION = 3.0;
			};
			name = Debug;
		};
		F14DB5A51DCC38C800176AA4 /* Release */ = {
			isa = XCBuildConfiguration;
			buildSettings = {
				ASSETCATALOG_COMPILER_APPICON_NAME = AppIcon;
				DEVELOPMENT_TEAM = CN9B8PEM7J;
				INFOPLIST_FILE = Test/Info.plist;
				LD_RUNPATH_SEARCH_PATHS = "$(inherited) @executable_path/Frameworks";
				PRODUCT_BUNDLE_IDENTIFIER = com.ctrip.Test;
				PRODUCT_NAME = "$(TARGET_NAME)";
				SWIFT_VERSION = 3.0;
			};
			name = Release;
		};
		F14DB5A71DCC38C800176AA4 /* Debug */ = {
			isa = XCBuildConfiguration;
			buildSettings = {
				ALWAYS_EMBED_SWIFT_STANDARD_LIBRARIES = YES;
				BUNDLE_LOADER = "$(TEST_HOST)";
				DEVELOPMENT_TEAM = CN9B8PEM7J;
				INFOPLIST_FILE = TestTests/Info.plist;
				LD_RUNPATH_SEARCH_PATHS = "$(inherited) @executable_path/Frameworks @loader_path/Frameworks";
				PRODUCT_BUNDLE_IDENTIFIER = com.ctrip.TestTests;
				PRODUCT_NAME = "$(TARGET_NAME)";
				SWIFT_VERSION = 3.0;
				TEST_HOST = "$(BUILT_PRODUCTS_DIR)/Test.app/Test";
			};
			name = Debug;
		};
		F14DB5A81DCC38C800176AA4 /* Release */ = {
			isa = XCBuildConfiguration;
			buildSettings = {
				ALWAYS_EMBED_SWIFT_STANDARD_LIBRARIES = YES;
				BUNDLE_LOADER = "$(TEST_HOST)";
				DEVELOPMENT_TEAM = CN9B8PEM7J;
				INFOPLIST_FILE = TestTests/Info.plist;
				LD_RUNPATH_SEARCH_PATHS = "$(inherited) @executable_path/Frameworks @loader_path/Frameworks";
				PRODUCT_BUNDLE_IDENTIFIER = com.ctrip.TestTests;
				PRODUCT_NAME = "$(TARGET_NAME)";
				SWIFT_VERSION = 3.0;
				TEST_HOST = "$(BUILT_PRODUCTS_DIR)/Test.app/Test";
			};
			name = Release;
		};
		F14DB5AA1DCC38C800176AA4 /* Debug */ = {
			isa = XCBuildConfiguration;
			buildSettings = {
				ALWAYS_EMBED_SWIFT_STANDARD_LIBRARIES = YES;
				DEVELOPMENT_TEAM = CN9B8PEM7J;
				INFOPLIST_FILE = TestUITests/Info.plist;
				LD_RUNPATH_SEARCH_PATHS = "$(inherited) @executable_path/Frameworks @loader_path/Frameworks";
				PRODUCT_BUNDLE_IDENTIFIER = com.ctrip.TestUITests;
				PRODUCT_NAME = "$(TARGET_NAME)";
				SWIFT_VERSION = 3.0;
				TEST_TARGET_NAME = Test;
			};
			name = Debug;
		};
		F14DB5AB1DCC38C800176AA4 /* Release */ = {
			isa = XCBuildConfiguration;
			buildSettings = {
				ALWAYS_EMBED_SWIFT_STANDARD_LIBRARIES = YES;
				DEVELOPMENT_TEAM = CN9B8PEM7J;
				INFOPLIST_FILE = TestUITests/Info.plist;
				LD_RUNPATH_SEARCH_PATHS = "$(inherited) @executable_path/Frameworks @loader_path/Frameworks";
				PRODUCT_BUNDLE_IDENTIFIER = com.ctrip.TestUITests;
				PRODUCT_NAME = "$(TARGET_NAME)";
				SWIFT_VERSION = 3.0;
				TEST_TARGET_NAME = Test;
			};
			name = Release;
		};
/* End XCBuildConfiguration section */

/* Begin XCConfigurationList section */
		F14DB5761DCC38C700176AA4 /* Build configuration list for PBXProject "Test" */ = {
			isa = XCConfigurationList;
			buildConfigurations = (
				F14DB5A11DCC38C800176AA4 /* Debug */,
				F14DB5A21DCC38C800176AA4 /* Release */,
			);
			defaultConfigurationIsVisible = 0;
			defaultConfigurationName = Release;
		};
		F14DB5A31DCC38C800176AA4 /* Build configuration list for PBXNativeTarget "Test" */ = {
			isa = XCConfigurationList;
			buildConfigurations = (
				F14DB5A41DCC38C800176AA4 /* Debug */,
				F14DB5A51DCC38C800176AA4 /* Release */,
			);
			defaultConfigurationIsVisible = 0;
		};
		F14DB5A61DCC38C800176AA4 /* Build configuration list for PBXNativeTarget "TestTests" */ = {
			isa = XCConfigurationList;
			buildConfigurations = (
				F14DB5A71DCC38C800176AA4 /* Debug */,
				F14DB5A81DCC38C800176AA4 /* Release */,
			);
			defaultConfigurationIsVisible = 0;
		};
		F14DB5A91DCC38C800176AA4 /* Build configuration list for PBXNativeTarget "TestUITests" */ = {
			isa = XCConfigurationList;
			buildConfigurations = (
				F14DB5AA1DCC38C800176AA4 /* Debug */,
				F14DB5AB1DCC38C800176AA4 /* Release */,
			);
			defaultConfigurationIsVisible = 0;
		};
/* End XCConfigurationList section */
	};
	rootObject = F14DB5731DCC38C700176AA4 /* Project object */;
}
